
Microsoft Visual Studio Solution File, Format Version 12.00
# Visual Studio Version 17
VisualStudioVersion = 17.4.33213.308
MinimumVisualStudioVersion = 10.0.40219.1
Project("{9A19103F-16F7-4668-BE54-9A1E7A4F7556}") = "Project1", "Project1\Project1.csproj", "{54A298E9-6697-4527-884D-4194FC4E9F13}"
EndProject
Project("{9A19103F-16F7-4668-BE54-9A1E7A4F7556}") = "Project2", "Project2\Project2.csproj", "{4F835A1E-D772-4B9A-AC9E-48693E23FC1E}"
EndProject
Project("{9A19103F-16F7-4668-BE54-9A1E7A4F7556}") = "Project3", "Project3\Project3.csproj", "{60532378-EE2A-4C52-B933-7F8A0A083981}"
EndProject
Project("{9A19103F-16F7-4668-BE54-9A1E7A4F7556}") = "Project4", "Project4\Project4.csproj", "{7FDB89EA-29A5-4B3E-9CA6-C10E23A4B2E7}"
EndProject
Project("{9A19103F-16F7-4668-BE54-9A1E7A4F7556}") = "Project5", "Project5\Project5.csproj", "{6168ADFD-CB86-4957-840D-E7926C043589}"
EndProject
Project("{9A19103F-16F7-4668-BE54-9A1E7A4F7556}") = "Project6", "Project6\Project6.csproj", "{74617C4D-3F15-4BFE-A6DD-770B4474FE54}"
EndProject
Project("{9A19103F-16F7-4668-BE54-9A1E7A4F7556}") = "Project7", "Project7\Project7.csproj", "{7BFA0523-D24F-4CD1-B7D4-B2A2E5470F56}"
EndProject
Project("{9A19103F-16F7-4668-BE54-9A1E7A4F7556}") = "Project8", "Project8\Project8.csproj", "{0B441D58-B0B2-4160-A1AE-C7247BA4B02E}"
EndProject
Project("{9A19103F-16F7-4668-BE54-9A1E7A4F7556}") = "Project9", "Project9\Project9.csproj", "{954BF223-9C1F-439A-80C1-1E7C524E9DC5}"
EndProject
Project("{9A19103F-16F7-4668-BE54-9A1E7A4F7556}") = "Project10", "Project10\Project10.csproj", "{435E7E30-FD60-4FEE-A5F5-9456BEA67FF5}"
EndProject
Project("{9A19103F-16F7-4668-BE54-9A1E7A4F7556}") = "Project11", "Project11\Project11.csproj", "{915429EA-1C6A-44E0-B285-677BB4BABB89}"
EndProject
Project("{9A19103F-16F7-4668-BE54-9A1E7A4F7556}") = "Project12", "Project12\Project12.csproj", "{90D31246-E0BD-4147-83EB-BF17B7FB2B4C}"
EndProject
Project("{FAE04EC0-301F-11D3-BF4B-00C04F79EFBC}") = "Project13", "Project13\Project13.csproj", "{A7914CC3-E099-48B6-9C72-1710661A0434}"
EndProject
Project("{FAE04EC0-301F-11D3-BF4B-00C04F79EFBC}") = "Project14", "Project14\Project14.csproj", "{C5078DD9-05F4-4A25-BD84-E5D52EAF2BFD}"
EndProject
Global
	GlobalSection(SolutionConfigurationPlatforms) = preSolution
		Debug|Any CPU = Debug|Any CPU
		Release|Any CPU = Release|Any CPU
	EndGlobalSection
	GlobalSection(ProjectConfigurationPlatforms) = postSolution
		{54A298E9-6697-4527-884D-4194FC4E9F13}.Debug|Any CPU.ActiveCfg = Debug|Any CPU
		{54A298E9-6697-4527-884D-4194FC4E9F13}.Debug|Any CPU.Build.0 = Debug|Any CPU
		{54A298E9-6697-4527-884D-4194FC4E9F13}.Release|Any CPU.ActiveCfg = Release|Any CPU
		{54A298E9-6697-4527-884D-4194FC4E9F13}.Release|Any CPU.Build.0 = Release|Any CPU
		{4F835A1E-D772-4B9A-AC9E-48693E23FC1E}.Debug|Any CPU.ActiveCfg = Debug|Any CPU
		{4F835A1E-D772-4B9A-AC9E-48693E23FC1E}.Debug|Any CPU.Build.0 = Debug|Any CPU
		{4F835A1E-D772-4B9A-AC9E-48693E23FC1E}.Release|Any CPU.ActiveCfg = Release|Any CPU
		{4F835A1E-D772-4B9A-AC9E-48693E23FC1E}.Release|Any CPU.Build.0 = Release|Any CPU
		{60532378-EE2A-4C52-B933-7F8A0A083981}.Debug|Any CPU.ActiveCfg = Debug|Any CPU
		{60532378-EE2A-4C52-B933-7F8A0A083981}.Debug|Any CPU.Build.0 = Debug|Any CPU
		{60532378-EE2A-4C52-B933-7F8A0A083981}.Release|Any CPU.ActiveCfg = Release|Any CPU
		{60532378-EE2A-4C52-B933-7F8A0A083981}.Release|Any CPU.Build.0 = Release|Any CPU
		{7FDB89EA-29A5-4B3E-9CA6-C10E23A4B2E7}.Debug|Any CPU.ActiveCfg = Debug|Any CPU
		{7FDB89EA-29A5-4B3E-9CA6-C10E23A4B2E7}.Debug|Any CPU.Build.0 = Debug|Any CPU
		{7FDB89EA-29A5-4B3E-9CA6-C10E23A4B2E7}.Release|Any CPU.ActiveCfg = Release|Any CPU
		{7FDB89EA-29A5-4B3E-9CA6-C10E23A4B2E7}.Release|Any CPU.Build.0 = Release|Any CPU
		{6168ADFD-CB86-4957-840D-E7926C043589}.Debug|Any CPU.ActiveCfg = Debug|Any CPU
		{6168ADFD-CB86-4957-840D-E7926C043589}.Debug|Any CPU.Build.0 = Debug|Any CPU
		{6168ADFD-CB86-4957-840D-E7926C043589}.Release|Any CPU.ActiveCfg = Release|Any CPU
		{6168ADFD-CB86-4957-840D-E7926C043589}.Release|Any CPU.Build.0 = Release|Any CPU
		{74617C4D-3F15-4BFE-A6DD-770B4474FE54}.Debug|Any CPU.ActiveCfg = Debug|Any CPU
		{74617C4D-3F15-4BFE-A6DD-770B4474FE54}.Debug|Any CPU.Build.0 = Debug|Any CPU
		{74617C4D-3F15-4BFE-A6DD-770B4474FE54}.Release|Any CPU.ActiveCfg = Release|Any CPU
		{74617C4D-3F15-4BFE-A6DD-770B4474FE54}.Release|Any CPU.Build.0 = Release|Any CPU
		{7BFA0523-D24F-4CD1-B7D4-B2A2E5470F56}.Debug|Any CPU.ActiveCfg = Debug|Any CPU
		{7BFA0523-D24F-4CD1-B7D4-B2A2E5470F56}.Debug|Any CPU.Build.0 = Debug|Any CPU
		{7BFA0523-D24F-4CD1-B7D4-B2A2E5470F56}.Release|Any CPU.ActiveCfg = Release|Any CPU
		{7BFA0523-D24F-4CD1-B7D4-B2A2E5470F56}.Release|Any CPU.Build.0 = Release|Any CPU
		{0B441D58-B0B2-4160-A1AE-C7247BA4B02E}.Debug|Any CPU.ActiveCfg = Debug|Any CPU
		{0B441D58-B0B2-4160-A1AE-C7247BA4B02E}.Debug|Any CPU.Build.0 = Debug|Any CPU
		{0B441D58-B0B2-4160-A1AE-C7247BA4B02E}.Release|Any CPU.ActiveCfg = Release|Any CPU
		{0B441D58-B0B2-4160-A1AE-C7247BA4B02E}.Release|Any CPU.Build.0 = Release|Any CPU
		{954BF223-9C1F-439A-80C1-1E7C524E9DC5}.Debug|Any CPU.ActiveCfg = Debug|Any CPU
		{954BF223-9C1F-439A-80C1-1E7C524E9DC5}.Debug|Any CPU.Build.0 = Debug|Any CPU
		{954BF223-9C1F-439A-80C1-1E7C524E9DC5}.Release|Any CPU.ActiveCfg = Release|Any CPU
		{954BF223-9C1F-439A-80C1-1E7C524E9DC5}.Release|Any CPU.Build.0 = Release|Any CPU
		{435E7E30-FD60-4FEE-A5F5-9456BEA67FF5}.Debug|Any CPU.ActiveCfg = Debug|Any CPU
		{435E7E30-FD60-4FEE-A5F5-9456BEA67FF5}.Debug|Any CPU.Build.0 = Debug|Any CPU
		{435E7E30-FD60-4FEE-A5F5-9456BEA67FF5}.Release|Any CPU.ActiveCfg = Release|Any CPU
		{435E7E30-FD60-4FEE-A5F5-9456BEA67FF5}.Release|Any CPU.Build.0 = Release|Any CPU
		{915429EA-1C6A-44E0-B285-677BB4BABB89}.Debug|Any CPU.ActiveCfg = Debug|Any CPU
		{915429EA-1C6A-44E0-B285-677BB4BABB89}.Debug|Any CPU.Build.0 = Debug|Any CPU
		{915429EA-1C6A-44E0-B285-677BB4BABB89}.Release|Any CPU.ActiveCfg = Release|Any CPU
		{915429EA-1C6A-44E0-B285-677BB4BABB89}.Release|Any CPU.Build.0 = Release|Any CPU
		{90D31246-E0BD-4147-83EB-BF17B7FB2B4C}.Debug|Any CPU.ActiveCfg = Debug|Any CPU
		{90D31246-E0BD-4147-83EB-BF17B7FB2B4C}.Debug|Any CPU.Build.0 = Debug|Any CPU
		{90D31246-E0BD-4147-83EB-BF17B7FB2B4C}.Release|Any CPU.ActiveCfg = Release|Any CPU
		{90D31246-E0BD-4147-83EB-BF17B7FB2B4C}.Release|Any CPU.Build.0 = Release|Any CPU
		{A7914CC3-E099-48B6-9C72-1710661A0434}.Debug|Any CPU.ActiveCfg = Debug|Any CPU
		{A7914CC3-E099-48B6-9C72-1710661A0434}.Debug|Any CPU.Build.0 = Debug|Any CPU
		{A7914CC3-E099-48B6-9C72-1710661A0434}.Release|Any CPU.ActiveCfg = Release|Any CPU
		{A7914CC3-E099-48B6-9C72-1710661A0434}.Release|Any CPU.Build.0 = Release|Any CPU
		{C5078DD9-05F4-4A25-BD84-E5D52EAF2BFD}.Debug|Any CPU.ActiveCfg = Debug|Any CPU
		{C5078DD9-05F4-4A25-BD84-E5D52EAF2BFD}.Debug|Any CPU.Build.0 = Debug|Any CPU
		{C5078DD9-05F4-4A25-BD84-E5D52EAF2BFD}.Release|Any CPU.ActiveCfg = Release|Any CPU
		{C5078DD9-05F4-4A25-BD84-E5D52EAF2BFD}.Release|Any CPU.Build.0 = Release|Any CPU
	EndGlobalSection
	GlobalSection(SolutionProperties) = preSolution
		HideSolutionNode = FALSE
	EndGlobalSection
	GlobalSection(ExtensibilityGlobals) = postSolution
		SolutionGuid = {8A24AE13-150A-47DE-800B-E8B10C083721}
	EndGlobalSection
EndGlobal
